
Microsoft Visual Studio Solution File, Format Version 12.00
# Visual Studio Version 17
VisualStudioVersion = 17.4.33205.214
MinimumVisualStudioVersion = 10.0.40219.1
Project("{FAE04EC0-301F-11D3-BF4B-00C04F79EFBC}") = "Robot", "Robot\Robot.csproj", "{A2CD0E50-7031-4390-AB87-E1093F30D522}"
EndProject
Global
	GlobalSection(SolutionConfigurationPlatforms) = preSolution
		Debug|Any CPU = Debug|Any CPU
		Release|Any CPU = Release|Any CPU
	EndGlobalSection
	GlobalSection(ProjectConfigurationPlatforms) = postSolution
		{A2CD0E50-7031-4390-AB87-E1093F30D522}.Debug|Any CPU.ActiveCfg = Debug|Any CPU
		{A2CD0E50-7031-4390-AB87-E1093F30D522}.Debug|Any CPU.Build.0 = Debug|Any CPU
		{A2CD0E50-7031-4390-AB87-E1093F30D522}.Release|Any CPU.ActiveCfg = Release|Any CPU
		{A2CD0E50-7031-4390-AB87-E1093F30D522}.Release|Any CPU.Build.0 = Release|Any CPU
	EndGlobalSection
	GlobalSection(SolutionProperties) = preSolution
		HideSolutionNode = FALSE
	EndGlobalSection
	GlobalSection(ExtensibilityGlobals) = postSolution
		SolutionGuid = {7A3AF503-13B2-4D00-8A6D-AA78ED79B92F}
	EndGlobalSection
EndGlobal
